{
  "name": "json-to-csv",
  "version": "1.0.0",
  "lockfileVersion": 1,
  "requires": true,
  "dependencies": {
    "deeks": {
      "version": "2.2.4",
      "resolved": "https://registry.npmjs.org/deeks/-/deeks-2.2.4.tgz",
      "integrity": "sha512-T8HtfilZeYvVRmTx9J6Nk4e0ayb/RqHx/XBOJpUybQyedRRtVw0I21pezA+OjXoCnL5YkkjCAM2TFvSJt0NwWw=="
    },
    "doc-path": {
      "version": "2.0.2",
      "resolved": "https://registry.npmjs.org/doc-path/-/doc-path-2.0.2.tgz",
      "integrity": "sha512-7KAEFeGh+xlqATVLXywN6g2U6RF7CW1la80BdtRF3BaiP1rz3r1UCewUeOnwpJ9A44LX66u32dYaU9zIqC1/TQ=="
    },
    "json-2-csv": {
      "version": "3.6.2",
      "resolved": "https://registry.npmjs.org/json-2-csv/-/json-2-csv-3.6.2.tgz",
      "integrity": "sha512-aJGagjPIZj9iqAO8UVcNggVuRpxbMvG3WspGntcGm1Kxb3TFCwWC4U36qoybVkkm7n4ivDaVjwBd4PPlQJkP3Q==",
      "requires": {
        "deeks": "2.2.4",
        "doc-path": "2.0.2"
      }
    }
  }
}
